// !$*UTF8*$!
{
	archiveVersion = 1;
	classes = {
	};
	objectVersion = 46;
	objects = {

/* Begin PBXBuildFile section */
		E98059121C45404200C57601 /* stations.plist in Resources */ = {isa = PBXBuildFile; fileRef = E98059111C45404200C57601 /* stations.plist */; };
		F50109721C4517D000E06D04 /* TrainListViewController.swift in Sources */ = {isa = PBXBuildFile; fileRef = F50109711C4517D000E06D04 /* TrainListViewController.swift */; };
		F50109741C45198400E06D04 /* TrainDataTableViewCell.swift in Sources */ = {isa = PBXBuildFile; fileRef = F50109731C45198400E06D04 /* TrainDataTableViewCell.swift */; };
		F54330CD1C3FC0D50068F24A /* AppDelegate.swift in Sources */ = {isa = PBXBuildFile; fileRef = F54330CC1C3FC0D50068F24A /* AppDelegate.swift */; };
		F54330CF1C3FC0D50068F24A /* ViewController.swift in Sources */ = {isa = PBXBuildFile; fileRef = F54330CE1C3FC0D50068F24A /* ViewController.swift */; };
		F54330D21C3FC0D50068F24A /* Main.storyboard in Resources */ = {isa = PBXBuildFile; fileRef = F54330D01C3FC0D50068F24A /* Main.storyboard */; };
		F54330D41C3FC0D50068F24A /* Assets.xcassets in Resources */ = {isa = PBXBuildFile; fileRef = F54330D31C3FC0D50068F24A /* Assets.xcassets */; };
		F54330D71C3FC0D50068F24A /* LaunchScreen.storyboard in Resources */ = {isa = PBXBuildFile; fileRef = F54330D51C3FC0D50068F24A /* LaunchScreen.storyboard */; };
		F54330E11C3FC2670068F24A /* TrainsViewController.swift in Sources */ = {isa = PBXBuildFile; fileRef = F54330E01C3FC2670068F24A /* TrainsViewController.swift */; };
		F54330E31C3FC48F0068F24A /* Alamofire.framework in Frameworks */ = {isa = PBXBuildFile; fileRef = F54330E21C3FC48F0068F24A /* Alamofire.framework */; };
		F54330E81C3FEE550068F24A /* LiveTrainDownloader.swift in Sources */ = {isa = PBXBuildFile; fileRef = F54330E71C3FEE550068F24A /* LiveTrainDownloader.swift */; };
		F54330EA1C3FF6170068F24A /* SWXMLHash.framework in Frameworks */ = {isa = PBXBuildFile; fileRef = F54330E91C3FF6170068F24A /* SWXMLHash.framework */; };
		F5C0B3A41C4394EE003025FD /* departures.xml in Resources */ = {isa = PBXBuildFile; fileRef = F5C0B3A31C4394EE003025FD /* departures.xml */; };
/* End PBXBuildFile section */

/* Begin PBXFileReference section */
		E98059111C45404200C57601 /* stations.plist */ = {isa = PBXFileReference; fileEncoding = 4; lastKnownFileType = text.plist.xml; path = stations.plist; sourceTree = "<group>"; };
		F50109711C4517D000E06D04 /* TrainListViewController.swift */ = {isa = PBXFileReference; fileEncoding = 4; lastKnownFileType = sourcecode.swift; path = TrainListViewController.swift; sourceTree = "<group>"; };
		F50109731C45198400E06D04 /* TrainDataTableViewCell.swift */ = {isa = PBXFileReference; fileEncoding = 4; lastKnownFileType = sourcecode.swift; path = TrainDataTableViewCell.swift; sourceTree = "<group>"; };
		F54330C91C3FC0D50068F24A /* LiveTrain2.0.app */ = {isa = PBXFileReference; explicitFileType = wrapper.application; includeInIndex = 0; path = LiveTrain2.0.app; sourceTree = BUILT_PRODUCTS_DIR; };
		F54330CC1C3FC0D50068F24A /* AppDelegate.swift */ = {isa = PBXFileReference; lastKnownFileType = sourcecode.swift; path = AppDelegate.swift; sourceTree = "<group>"; };
		F54330CE1C3FC0D50068F24A /* ViewController.swift */ = {isa = PBXFileReference; lastKnownFileType = sourcecode.swift; path = ViewController.swift; sourceTree = "<group>"; };
		F54330D11C3FC0D50068F24A /* Base */ = {isa = PBXFileReference; lastKnownFileType = file.storyboard; name = Base; path = Base.lproj/Main.storyboard; sourceTree = "<group>"; };
		F54330D31C3FC0D50068F24A /* Assets.xcassets */ = {isa = PBXFileReference; lastKnownFileType = folder.assetcatalog; path = Assets.xcassets; sourceTree = "<group>"; };
		F54330D61C3FC0D50068F24A /* Base */ = {isa = PBXFileReference; lastKnownFileType = file.storyboard; name = Base; path = Base.lproj/LaunchScreen.storyboard; sourceTree = "<group>"; };
		F54330D81C3FC0D50068F24A /* Info.plist */ = {isa = PBXFileReference; lastKnownFileType = text.plist.xml; path = Info.plist; sourceTree = "<group>"; };
		F54330E01C3FC2670068F24A /* TrainsViewController.swift */ = {isa = PBXFileReference; fileEncoding = 4; lastKnownFileType = sourcecode.swift; path = TrainsViewController.swift; sourceTree = "<group>"; };
		F54330E21C3FC48F0068F24A /* Alamofire.framework */ = {isa = PBXFileReference; lastKnownFileType = wrapper.framework; name = Alamofire.framework; path = Carthage/Build/iOS/Alamofire.framework; sourceTree = "<group>"; };
		F54330E71C3FEE550068F24A /* LiveTrainDownloader.swift */ = {isa = PBXFileReference; fileEncoding = 4; lastKnownFileType = sourcecode.swift; path = LiveTrainDownloader.swift; sourceTree = "<group>"; };
		F54330E91C3FF6170068F24A /* SWXMLHash.framework */ = {isa = PBXFileReference; lastKnownFileType = wrapper.framework; name = SWXMLHash.framework; path = Carthage/Build/iOS/SWXMLHash.framework; sourceTree = "<group>"; };
		F5C0B3A31C4394EE003025FD /* departures.xml */ = {isa = PBXFileReference; fileEncoding = 4; lastKnownFileType = text.xml; path = departures.xml; sourceTree = "<group>"; };
/* End PBXFileReference section */

/* Begin PBXFrameworksBuildPhase section */
		F54330C61C3FC0D50068F24A /* Frameworks */ = {
			isa = PBXFrameworksBuildPhase;
			buildActionMask = 2147483647;
			files = (
				F54330E31C3FC48F0068F24A /* Alamofire.framework in Frameworks */,
				F54330EA1C3FF6170068F24A /* SWXMLHash.framework in Frameworks */,
			);
			runOnlyForDeploymentPostprocessing = 0;
		};
/* End PBXFrameworksBuildPhase section */

/* Begin PBXGroup section */
		F54330C01C3FC0D50068F24A = {
			isa = PBXGroup;
			children = (
				F54330E91C3FF6170068F24A /* SWXMLHash.framework */,
				F54330E21C3FC48F0068F24A /* Alamofire.framework */,
				F54330CB1C3FC0D50068F24A /* LiveTrain2.0 */,
				F54330CA1C3FC0D50068F24A /* Products */,
			);
			sourceTree = "<group>";
		};
		F54330CA1C3FC0D50068F24A /* Products */ = {
			isa = PBXGroup;
			children = (
				F54330C91C3FC0D50068F24A /* LiveTrain2.0.app */,
			);
			name = Products;
			sourceTree = "<group>";
		};
		F54330CB1C3FC0D50068F24A /* LiveTrain2.0 */ = {
			isa = PBXGroup;
			children = (
				E98059111C45404200C57601 /* stations.plist */,
				F5C0B3A31C4394EE003025FD /* departures.xml */,
				F54330CC1C3FC0D50068F24A /* AppDelegate.swift */,
				F54330CE1C3FC0D50068F24A /* ViewController.swift */,
				F54330E01C3FC2670068F24A /* TrainsViewController.swift */,
				F54330D01C3FC0D50068F24A /* Main.storyboard */,
				F54330D31C3FC0D50068F24A /* Assets.xcassets */,
				F54330D51C3FC0D50068F24A /* LaunchScreen.storyboard */,
				F54330D81C3FC0D50068F24A /* Info.plist */,
				F54330E71C3FEE550068F24A /* LiveTrainDownloader.swift */,
				F50109711C4517D000E06D04 /* TrainListViewController.swift */,
				F50109731C45198400E06D04 /* TrainDataTableViewCell.swift */,
			);
			path = LiveTrain2.0;
			sourceTree = "<group>";
		};
/* End PBXGroup section */

/* Begin PBXNativeTarget section */
		F54330C81C3FC0D50068F24A /* LiveTrain2.0 */ = {
			isa = PBXNativeTarget;
			buildConfigurationList = F54330DB1C3FC0D50068F24A /* Build configuration list for PBXNativeTarget "LiveTrain2.0" */;
			buildPhases = (
				F54330C51C3FC0D50068F24A /* Sources */,
				F54330C61C3FC0D50068F24A /* Frameworks */,
				F54330C71C3FC0D50068F24A /* Resources */,
				F54330E51C3FC4B70068F24A /* ShellScript */,
			);
			buildRules = (
			);
			dependencies = (
			);
			name = LiveTrain2.0;
			productName = LiveTrain2.0;
			productReference = F54330C91C3FC0D50068F24A /* LiveTrain2.0.app */;
			productType = "com.apple.product-type.application";
		};
/* End PBXNativeTarget section */

/* Begin PBXProject section */
		F54330C11C3FC0D50068F24A /* Project object */ = {
			isa = PBXProject;
			attributes = {
				LastSwiftUpdateCheck = 0720;
				LastUpgradeCheck = 0720;
				ORGANIZATIONNAME = "Mohamed Marouane YOUSSEF";
				TargetAttributes = {
					F54330C81C3FC0D50068F24A = {
						CreatedOnToolsVersion = 7.2;
					};
				};
			};
			buildConfigurationList = F54330C41C3FC0D50068F24A /* Build configuration list for PBXProject "LiveTrain2.0" */;
			compatibilityVersion = "Xcode 3.2";
			developmentRegion = English;
			hasScannedForEncodings = 0;
			knownRegions = (
				en,
				Base,
			);
			mainGroup = F54330C01C3FC0D50068F24A;
			productRefGroup = F54330CA1C3FC0D50068F24A /* Products */;
			projectDirPath = "";
			projectRoot = "";
			targets = (
				F54330C81C3FC0D50068F24A /* LiveTrain2.0 */,
			);
		};
/* End PBXProject section */

/* Begin PBXResourcesBuildPhase section */
		F54330C71C3FC0D50068F24A /* Resources */ = {
			isa = PBXResourcesBuildPhase;
			buildActionMask = 2147483647;
			files = (
				F5C0B3A41C4394EE003025FD /* departures.xml in Resources */,
				E98059121C45404200C57601 /* stations.plist in Resources */,
				F54330D71C3FC0D50068F24A /* LaunchScreen.storyboard in Resources */,
				F54330D41C3FC0D50068F24A /* Assets.xcassets in Resources */,
				F54330D21C3FC0D50068F24A /* Main.storyboard in Resources */,
			);
			runOnlyForDeploymentPostprocessing = 0;
		};
/* End PBXResourcesBuildPhase section */

/* Begin PBXShellScriptBuildPhase section */
		F54330E51C3FC4B70068F24A /* ShellScript */ = {
			isa = PBXShellScriptBuildPhase;
			buildActionMask = 2147483647;
			files = (
			);
			inputPaths = (
				"$(SRCROOT)/Carthage/Build/iOS/Alamofire.framework",
				"$(SRCROOT)/Carthage/Build/iOS/SWXMLHash.framework",
			);
			outputPaths = (
			);
			runOnlyForDeploymentPostprocessing = 0;
			shellPath = /bin/sh;
			shellScript = "/usr/local/bin/carthage copy-frameworks\n";
		};
/* End PBXShellScriptBuildPhase section */

/* Begin PBXSourcesBuildPhase section */
		F54330C51C3FC0D50068F24A /* Sources */ = {
			isa = PBXSourcesBuildPhase;
			buildActionMask = 2147483647;
			files = (
				F54330CF1C3FC0D50068F24A /* ViewController.swift in Sources */,
				F54330E81C3FEE550068F24A /* LiveTrainDownloader.swift in Sources */,
				F50109741C45198400E06D04 /* TrainDataTableViewCell.swift in Sources */,
				F50109721C4517D000E06D04 /* TrainListViewController.swift in Sources */,
				F54330E11C3FC2670068F24A /* TrainsViewController.swift in Sources */,
				F54330CD1C3FC0D50068F24A /* AppDelegate.swift in Sources */,
			);
			runOnlyForDeploymentPostprocessing = 0;
		};
/* End PBXSourcesBuildPhase section */

/* Begin PBXVariantGroup section */
		F54330D01C3FC0D50068F24A /* Main.storyboard */ = {
			isa = PBXVariantGroup;
			children = (
				F54330D11C3FC0D50068F24A /* Base */,
			);
			name = Main.storyboard;
			sourceTree = "<group>";
		};
		F54330D51C3FC0D50068F24A /* LaunchScreen.storyboard */ = {
			isa = PBXVariantGroup;
			children = (
				F54330D61C3FC0D50068F24A /* Base */,
			);
			name = LaunchScreen.storyboard;
			sourceTree = "<group>";
		};
/* End PBXVariantGroup section */

/* Begin XCBuildConfiguration section */
		F54330D91C3FC0D50068F24A /* Debug */ = {
			isa = XCBuildConfiguration;
			buildSettings = {
				ALWAYS_SEARCH_USER_PATHS = NO;
				CLANG_CXX_LANGUAGE_STANDARD = "gnu++0x";
				CLANG_CXX_LIBRARY = "libc++";
				CLANG_ENABLE_MODULES = YES;
				CLANG_ENABLE_OBJC_ARC = YES;
				CLANG_WARN_BOOL_CONVERSION = YES;
				CLANG_WARN_CONSTANT_CONVERSION = YES;
				CLANG_WARN_DIRECT_OBJC_ISA_USAGE = YES_ERROR;
				CLANG_WARN_EMPTY_BODY = YES;
				CLANG_WARN_ENUM_CONVERSION = YES;
				CLANG_WARN_INT_CONVERSION = YES;
				CLANG_WARN_OBJC_ROOT_CLASS = YES_ERROR;
				CLANG_WARN_UNREACHABLE_CODE = YES;
				CLANG_WARN__DUPLICATE_METHOD_MATCH = YES;
				"CODE_SIGN_IDENTITY[sdk=iphoneos*]" = "iPhone Developer";
				COPY_PHASE_STRIP = NO;
				DEBUG_INFORMATION_FORMAT = dwarf;
				ENABLE_STRICT_OBJC_MSGSEND = YES;
				ENABLE_TESTABILITY = YES;
				GCC_C_LANGUAGE_STANDARD = gnu99;
				GCC_DYNAMIC_NO_PIC = NO;
				GCC_NO_COMMON_BLOCKS = YES;
				GCC_OPTIMIZATION_LEVEL = 0;
				GCC_PREPROCESSOR_DEFINITIONS = (
					"DEBUG=1",
					"$(inherited)",
				);
				GCC_WARN_64_TO_32_BIT_CONVERSION = YES;
				GCC_WARN_ABOUT_RETURN_TYPE = YES_ERROR;
				GCC_WARN_UNDECLARED_SELECTOR = YES;
				GCC_WARN_UNINITIALIZED_AUTOS = YES_AGGRESSIVE;
				GCC_WARN_UNUSED_FUNCTION = YES;
				GCC_WARN_UNUSED_VARIABLE = YES;
				IPHONEOS_DEPLOYMENT_TARGET = 9.2;
				MTL_ENABLE_DEBUG_INFO = YES;
				ONLY_ACTIVE_ARCH = YES;
				SDKROOT = iphoneos;
				SWIFT_OPTIMIZATION_LEVEL = "-Onone";
				TARGETED_DEVICE_FAMILY = "1,2";
			};
			name = Debug;
		};
		F54330DA1C3FC0D50068F24A /* Release */ = {
			isa = XCBuildConfiguration;
			buildSettings = {
				ALWAYS_SEARCH_USER_PATHS = NO;
				CLANG_CXX_LANGUAGE_STANDARD = "gnu++0x";
				CLANG_CXX_LIBRARY = "libc++";
				CLANG_ENABLE_MODULES = YES;
				CLANG_ENABLE_OBJC_ARC = YES;
				CLANG_WARN_BOOL_CONVERSION = YES;
				CLANG_WARN_CONSTANT_CONVERSION = YES;
				CLANG_WARN_DIRECT_OBJC_ISA_USAGE = YES_ERROR;
				CLANG_WARN_EMPTY_BODY = YES;
				CLANG_WARN_ENUM_CONVERSION = YES;
				CLANG_WARN_INT_CONVERSION = YES;
				CLANG_WARN_OBJC_ROOT_CLASS = YES_ERROR;
				CLANG_WARN_UNREACHABLE_CODE = YES;
				CLANG_WARN__DUPLICATE_METHOD_MATCH = YES;
				"CODE_SIGN_IDENTITY[sdk=iphoneos*]" = "iPhone Developer";
				COPY_PHASE_STRIP = NO;
				DEBUG_INFORMATION_FORMAT = "dwarf-with-dsym";
				ENABLE_NS_ASSERTIONS = NO;
				ENABLE_STRICT_OBJC_MSGSEND = YES;
				GCC_C_LANGUAGE_STANDARD = gnu99;
				GCC_NO_COMMON_BLOCKS = YES;
				GCC_WARN_64_TO_32_BIT_CONVERSION = YES;
				GCC_WARN_ABOUT_RETURN_TYPE = YES_ERROR;
				GCC_WARN_UNDECLARED_SELECTOR = YES;
				GCC_WARN_UNINITIALIZED_AUTOS = YES_AGGRESSIVE;
				GCC_WARN_UNUSED_FUNCTION = YES;
				GCC_WARN_UNUSED_VARIABLE = YES;
				IPHONEOS_DEPLOYMENT_TARGET = 9.2;
				MTL_ENABLE_DEBUG_INFO = NO;
				SDKROOT = iphoneos;
				TARGETED_DEVICE_FAMILY = "1,2";
				VALIDATE_PRODUCT = YES;
			};
			name = Release;
		};
		F54330DC1C3FC0D50068F24A /* Debug */ = {
			isa = XCBuildConfiguration;
			buildSettings = {
				ASSETCATALOG_COMPILER_APPICON_NAME = AppIcon;
				FRAMEWORK_SEARCH_PATHS = (
					"$(inherited)",
					"$(PROJECT_DIR)/Carthage/Build/iOS",
				);
				INFOPLIST_FILE = LiveTrain2.0/Info.plist;
				LD_RUNPATH_SEARCH_PATHS = "$(inherited) @executable_path/Frameworks";
				PRODUCT_BUNDLE_IDENTIFIER = "Niji.LiveTrain2-0";
				PRODUCT_NAME = "$(TARGET_NAME)";
			};
			name = Debug;
		};
		F54330DD1C3FC0D50068F24A /* Release */ = {
			isa = XCBuildConfiguration;
			buildSettings = {
				ASSETCATALOG_COMPILER_APPICON_NAME = AppIcon;
				FRAMEWORK_SEARCH_PATHS = (
					"$(inherited)",
					"$(PROJECT_DIR)/Carthage/Build/iOS",
				);
				INFOPLIST_FILE = LiveTrain2.0/Info.plist;
				LD_RUNPATH_SEARCH_PATHS = "$(inherited) @executable_path/Frameworks";
				PRODUCT_BUNDLE_IDENTIFIER = "Niji.LiveTrain2-0";
				PRODUCT_NAME = "$(TARGET_NAME)";
			};
			name = Release;
		};
/* End XCBuildConfiguration section */

/* Begin XCConfigurationList section */
		F54330C41C3FC0D50068F24A /* Build configuration list for PBXProject "LiveTrain2.0" */ = {
			isa = XCConfigurationList;
			buildConfigurations = (
				F54330D91C3FC0D50068F24A /* Debug */,
				F54330DA1C3FC0D50068F24A /* Release */,
			);
			defaultConfigurationIsVisible = 0;
			defaultConfigurationName = Release;
		};
		F54330DB1C3FC0D50068F24A /* Build configuration list for PBXNativeTarget "LiveTrain2.0" */ = {
			isa = XCConfigurationList;
			buildConfigurations = (
				F54330DC1C3FC0D50068F24A /* Debug */,
				F54330DD1C3FC0D50068F24A /* Release */,
			);
			defaultConfigurationIsVisible = 0;
			defaultConfigurationName = Release;
		};
/* End XCConfigurationList section */
	};
	rootObject = F54330C11C3FC0D50068F24A /* Project object */;
}
